
Microsoft Visual Studio Solution File, Format Version 12.00
# Visual Studio Version 16
VisualStudioVersion = 16.0.31129.286
MinimumVisualStudioVersion = 10.0.40219.1
Project("{2150E333-8FDC-42A3-9474-1A3956D46DE8}") = "Domain", "Domain", "{9C12BE9C-E279-49AE-98BA-6DF721533E5B}"
EndProject
Project("{2150E333-8FDC-42A3-9474-1A3956D46DE8}") = "Microservices", "Microservices", "{E21AB73C-284F-4D01-AB2D-B60361991B98}"
EndProject
Project("{2150E333-8FDC-42A3-9474-1A3956D46DE8}") = "Infra.Bus", "Infra.Bus", "{FE5B6B86-A877-4299-9A4A-1D44857AEAC3}"
EndProject
Project("{2150E333-8FDC-42A3-9474-1A3956D46DE8}") = "Infra.Ioc", "Infra.Ioc", "{FD684C29-7B27-474E-8756-0E1E3361481A}"
EndProject
Project("{2150E333-8FDC-42A3-9474-1A3956D46DE8}") = "Presentation", "Presentation", "{EBCA9BCD-889D-4041-B8BD-82F30FC98669}"
EndProject
Project("{9A19103F-16F7-4668-BE54-9A1E7A4F7556}") = "MicroRabbit.Domain.Core", "MicroRabbit.Domain.Core\MicroRabbit.Domain.Core.csproj", "{1D1B09D3-18D0-41D5-9B09-5BBDEB25E755}"
EndProject
Project("{9A19103F-16F7-4668-BE54-9A1E7A4F7556}") = "MicroRabbit.infra.Bus", "MicroRabbit.infra.Bus\MicroRabbit.infra.Bus.csproj", "{26E30625-17AC-4F7C-8896-E33506532721}"
EndProject
Project("{FAE04EC0-301F-11D3-BF4B-00C04F79EFBC}") = "MicroRabbit.infra.Ioc", "MicroRabbit.infra.Ioc\MicroRabbit.infra.Ioc.csproj", "{8916755B-68B8-415E-900D-21FA667E9BE8}"
EndProject
Project("{2150E333-8FDC-42A3-9474-1A3956D46DE8}") = "Banking", "Banking", "{CBF86E5F-75A5-46E2-8F83-9507229F1968}"
EndProject
Project("{2150E333-8FDC-42A3-9474-1A3956D46DE8}") = "Api", "Api", "{CD79CD4E-F3A0-4C7F-AB29-3D0E077D987F}"
EndProject
Project("{2150E333-8FDC-42A3-9474-1A3956D46DE8}") = "Data", "Data", "{73B82E18-0A23-4043-B945-12CCB55D1F78}"
EndProject
Project("{2150E333-8FDC-42A3-9474-1A3956D46DE8}") = "Domain", "Domain", "{FE889652-C5D1-41E3-8383-1BC751850465}"
EndProject
Project("{2150E333-8FDC-42A3-9474-1A3956D46DE8}") = "Application", "Application", "{6FC76C4F-756E-469F-A16E-82CE99747216}"
EndProject
Project("{FAE04EC0-301F-11D3-BF4B-00C04F79EFBC}") = "MicroRabbit.Banking.Api", "MicroRabbit.Banking.Api\MicroRabbit.Banking.Api.csproj", "{35587084-1B8C-482C-9E72-7889DE5AF55C}"
EndProject
Project("{FAE04EC0-301F-11D3-BF4B-00C04F79EFBC}") = "MicroRabbit.Banking.Application", "MicroRabbit.Banking.Application\MicroRabbit.Banking.Application.csproj", "{31B93116-1AB3-4630-ABB3-0A099322F97F}"
EndProject
Project("{FAE04EC0-301F-11D3-BF4B-00C04F79EFBC}") = "MicroRabbit.Banking.Data", "MicroRabbit.Banking.Data\MicroRabbit.Banking.Data.csproj", "{19638D04-6261-4729-AD3F-A15C26135A0E}"
EndProject
Project("{FAE04EC0-301F-11D3-BF4B-00C04F79EFBC}") = "MicroRabbit.Banking.Domain", "MicroRabbit.Banking.Domain\MicroRabbit.Banking.Domain.csproj", "{03C4D4F6-67AE-4713-87DC-9B7FE535D390}"
EndProject
Global
	GlobalSection(SolutionConfigurationPlatforms) = preSolution
		Debug|Any CPU = Debug|Any CPU
		Release|Any CPU = Release|Any CPU
	EndGlobalSection
	GlobalSection(ProjectConfigurationPlatforms) = postSolution
		{1D1B09D3-18D0-41D5-9B09-5BBDEB25E755}.Debug|Any CPU.ActiveCfg = Debug|Any CPU
		{1D1B09D3-18D0-41D5-9B09-5BBDEB25E755}.Debug|Any CPU.Build.0 = Debug|Any CPU
		{1D1B09D3-18D0-41D5-9B09-5BBDEB25E755}.Release|Any CPU.ActiveCfg = Release|Any CPU
		{1D1B09D3-18D0-41D5-9B09-5BBDEB25E755}.Release|Any CPU.Build.0 = Release|Any CPU
		{26E30625-17AC-4F7C-8896-E33506532721}.Debug|Any CPU.ActiveCfg = Debug|Any CPU
		{26E30625-17AC-4F7C-8896-E33506532721}.Debug|Any CPU.Build.0 = Debug|Any CPU
		{26E30625-17AC-4F7C-8896-E33506532721}.Release|Any CPU.ActiveCfg = Release|Any CPU
		{26E30625-17AC-4F7C-8896-E33506532721}.Release|Any CPU.Build.0 = Release|Any CPU
		{8916755B-68B8-415E-900D-21FA667E9BE8}.Debug|Any CPU.ActiveCfg = Debug|Any CPU
		{8916755B-68B8-415E-900D-21FA667E9BE8}.Debug|Any CPU.Build.0 = Debug|Any CPU
		{8916755B-68B8-415E-900D-21FA667E9BE8}.Release|Any CPU.ActiveCfg = Release|Any CPU
		{8916755B-68B8-415E-900D-21FA667E9BE8}.Release|Any CPU.Build.0 = Release|Any CPU
		{35587084-1B8C-482C-9E72-7889DE5AF55C}.Debug|Any CPU.ActiveCfg = Debug|Any CPU
		{35587084-1B8C-482C-9E72-7889DE5AF55C}.Debug|Any CPU.Build.0 = Debug|Any CPU
		{35587084-1B8C-482C-9E72-7889DE5AF55C}.Release|Any CPU.ActiveCfg = Release|Any CPU
		{35587084-1B8C-482C-9E72-7889DE5AF55C}.Release|Any CPU.Build.0 = Release|Any CPU
		{31B93116-1AB3-4630-ABB3-0A099322F97F}.Debug|Any CPU.ActiveCfg = Debug|Any CPU
		{31B93116-1AB3-4630-ABB3-0A099322F97F}.Debug|Any CPU.Build.0 = Debug|Any CPU
		{31B93116-1AB3-4630-ABB3-0A099322F97F}.Release|Any CPU.ActiveCfg = Release|Any CPU
		{31B93116-1AB3-4630-ABB3-0A099322F97F}.Release|Any CPU.Build.0 = Release|Any CPU
		{19638D04-6261-4729-AD3F-A15C26135A0E}.Debug|Any CPU.ActiveCfg = Debug|Any CPU
		{19638D04-6261-4729-AD3F-A15C26135A0E}.Debug|Any CPU.Build.0 = Debug|Any CPU
		{19638D04-6261-4729-AD3F-A15C26135A0E}.Release|Any CPU.ActiveCfg = Release|Any CPU
		{19638D04-6261-4729-AD3F-A15C26135A0E}.Release|Any CPU.Build.0 = Release|Any CPU
		{03C4D4F6-67AE-4713-87DC-9B7FE535D390}.Debug|Any CPU.ActiveCfg = Debug|Any CPU
		{03C4D4F6-67AE-4713-87DC-9B7FE535D390}.Debug|Any CPU.Build.0 = Debug|Any CPU
		{03C4D4F6-67AE-4713-87DC-9B7FE535D390}.Release|Any CPU.ActiveCfg = Release|Any CPU
		{03C4D4F6-67AE-4713-87DC-9B7FE535D390}.Release|Any CPU.Build.0 = Release|Any CPU
	EndGlobalSection
	GlobalSection(SolutionProperties) = preSolution
		HideSolutionNode = FALSE
	EndGlobalSection
	GlobalSection(NestedProjects) = preSolution
		{1D1B09D3-18D0-41D5-9B09-5BBDEB25E755} = {9C12BE9C-E279-49AE-98BA-6DF721533E5B}
		{26E30625-17AC-4F7C-8896-E33506532721} = {FE5B6B86-A877-4299-9A4A-1D44857AEAC3}
		{8916755B-68B8-415E-900D-21FA667E9BE8} = {FD684C29-7B27-474E-8756-0E1E3361481A}
		{CBF86E5F-75A5-46E2-8F83-9507229F1968} = {E21AB73C-284F-4D01-AB2D-B60361991B98}
		{CD79CD4E-F3A0-4C7F-AB29-3D0E077D987F} = {CBF86E5F-75A5-46E2-8F83-9507229F1968}
		{73B82E18-0A23-4043-B945-12CCB55D1F78} = {CBF86E5F-75A5-46E2-8F83-9507229F1968}
		{FE889652-C5D1-41E3-8383-1BC751850465} = {CBF86E5F-75A5-46E2-8F83-9507229F1968}
		{6FC76C4F-756E-469F-A16E-82CE99747216} = {CBF86E5F-75A5-46E2-8F83-9507229F1968}
		{35587084-1B8C-482C-9E72-7889DE5AF55C} = {CD79CD4E-F3A0-4C7F-AB29-3D0E077D987F}
		{31B93116-1AB3-4630-ABB3-0A099322F97F} = {6FC76C4F-756E-469F-A16E-82CE99747216}
		{19638D04-6261-4729-AD3F-A15C26135A0E} = {73B82E18-0A23-4043-B945-12CCB55D1F78}
		{03C4D4F6-67AE-4713-87DC-9B7FE535D390} = {FE889652-C5D1-41E3-8383-1BC751850465}
	EndGlobalSection
	GlobalSection(ExtensibilityGlobals) = postSolution
		SolutionGuid = {B2EAAC68-E604-4D20-A6E3-5C8CB7A2C004}
	EndGlobalSection
EndGlobal
